
Microsoft Visual Studio Solution File, Format Version 12.00
# Visual Studio 15
VisualStudioVersion = 15.0.27428.2043
MinimumVisualStudioVersion = 10.0.40219.1
Project("{FAE04EC0-301F-11D3-BF4B-00C04F79EFBC}") = "ImageEncoderDecoder", "ImageEncoderDecoder\ImageEncoderDecoder.csproj", "{3B96483E-836F-4EC4-BEDD-C94383B455B6}"
EndProject
Global
	GlobalSection(SolutionConfigurationPlatforms) = preSolution
		Debug|Any CPU = Debug|Any CPU
		Release|Any CPU = Release|Any CPU
	EndGlobalSection
	GlobalSection(ProjectConfigurationPlatforms) = postSolution
		{3B96483E-836F-4EC4-BEDD-C94383B455B6}.Debug|Any CPU.ActiveCfg = Debug|Any CPU
		{3B96483E-836F-4EC4-BEDD-C94383B455B6}.Debug|Any CPU.Build.0 = Debug|Any CPU
		{3B96483E-836F-4EC4-BEDD-C94383B455B6}.Release|Any CPU.ActiveCfg = Release|Any CPU
		{3B96483E-836F-4EC4-BEDD-C94383B455B6}.Release|Any CPU.Build.0 = Release|Any CPU
	EndGlobalSection
	GlobalSection(SolutionProperties) = preSolution
		HideSolutionNode = FALSE
	EndGlobalSection
	GlobalSection(ExtensibilityGlobals) = postSolution
		SolutionGuid = {CFF6F8F6-7332-4617-B806-5E8C31B0A4C8}
	EndGlobalSection
EndGlobal
